Microsoft Visual Studio Solution File, Format Version 12.00
# Visual Studio Version 17
VisualStudioVersion = 17.5.2.0
MinimumVisualStudioVersion = 10.0.40219.1
Project("{2150E333-8FDC-42A3-9474-1A3956D46DE8}") = "Backend", "Backend", "{1AE8ACA6-933B-BF2A-3671-3E2EAC007D16}"
EndProject
Project("{FAE04EC0-301F-11D3-BF4B-00C04F79EFBC}") = "PcmApi", "Backend\PcmApi.csproj", "{341DE503-3B58-A022-8DB8-97782222BEEE}"
EndProject
Global
	GlobalSection(SolutionConfigurationPlatforms) = preSolution
		Debug|Any CPU = Debug|Any CPU
		Release|Any CPU = Release|Any CPU
	EndGlobalSection
	GlobalSection(ProjectConfigurationPlatforms) = postSolution
		{341DE503-3B58-A022-8DB8-97782222BEEE}.Debug|Any CPU.ActiveCfg = Debug|Any CPU
		{341DE503-3B58-A022-8DB8-97782222BEEE}.Debug|Any CPU.Build.0 = Debug|Any CPU
		{341DE503-3B58-A022-8DB8-97782222BEEE}.Release|Any CPU.ActiveCfg = Release|Any CPU
		{341DE503-3B58-A022-8DB8-97782222BEEE}.Release|Any CPU.Build.0 = Release|Any CPU
	EndGlobalSection
	GlobalSection(SolutionProperties) = preSolution
		HideSolutionNode = FALSE
	EndGlobalSection
	GlobalSection(NestedProjects) = preSolution
		{341DE503-3B58-A022-8DB8-97782222BEEE} = {1AE8ACA6-933B-BF2A-3671-3E2EAC007D16}
	EndGlobalSection
	GlobalSection(ExtensibilityGlobals) = postSolution
		SolutionGuid = {3BFE4BE5-011E-400A-9E4E-A4F87545CC06}
	EndGlobalSection
EndGlobal
